// !$*UTF8*$!
{
	archiveVersion = 1;
	classes = {
	};
	objectVersion = 46;
	objects = {

/* Begin PBXBuildFile section */
		75DF89031F55569C00D53D4D /* main.m in Sources */ = {isa = PBXBuildFile; fileRef = 75DF89021F55569C00D53D4D /* main.m */; };
		75DF89061F55569C00D53D4D /* AppDelegate.m in Sources */ = {isa = PBXBuildFile; fileRef = 75DF89051F55569C00D53D4D /* AppDelegate.m */; };
		75DF89091F55569C00D53D4D /* ViewController.m in Sources */ = {isa = PBXBuildFile; fileRef = 75DF89081F55569C00D53D4D /* ViewController.m */; };
		75DF890C1F55569C00D53D4D /* Main.storyboard in Resources */ = {isa = PBXBuildFile; fileRef = 75DF890A1F55569C00D53D4D /* Main.storyboard */; };
		75DF890E1F55569C00D53D4D /* Assets.xcassets in Resources */ = {isa = PBXBuildFile; fileRef = 75DF890D1F55569C00D53D4D /* Assets.xcassets */; };
		75DF89111F55569C00D53D4D /* LaunchScreen.storyboard in Resources */ = {isa = PBXBuildFile; fileRef = 75DF890F1F55569C00D53D4D /* LaunchScreen.storyboard */; };
		75DF891C1F55569C00D53D4D /* MyIOSApp5Tests.m in Sources */ = {isa = PBXBuildFile; fileRef = 75DF891B1F55569C00D53D4D /* MyIOSApp5Tests.m */; };
		75DF89271F55569C00D53D4D /* MyIOSApp5UITests.m in Sources */ = {isa = PBXBuildFile; fileRef = 75DF89261F55569C00D53D4D /* MyIOSApp5UITests.m */; };
		75DF89361F555A1100D53D4D /* People.m in Sources */ = {isa = PBXBuildFile; fileRef = 75DF89351F555A1100D53D4D /* People.m */; };
		75DF89391F555A3400D53D4D /* PeopleDB.m in Sources */ = {isa = PBXBuildFile; fileRef = 75DF89381F555A3400D53D4D /* PeopleDB.m */; };
/* End PBXBuildFile section */

/* Begin PBXContainerItemProxy section */
		75DF89181F55569C00D53D4D /* PBXContainerItemProxy */ = {
			isa = PBXContainerItemProxy;
			containerPortal = 75DF88F61F55569C00D53D4D /* Project object */;
			proxyType = 1;
			remoteGlobalIDString = 75DF88FD1F55569C00D53D4D;
			remoteInfo = MyIOSApp5;
		};
		75DF89231F55569C00D53D4D /* PBXContainerItemProxy */ = {
			isa = PBXContainerItemProxy;
			containerPortal = 75DF88F61F55569C00D53D4D /* Project object */;
			proxyType = 1;
			remoteGlobalIDString = 75DF88FD1F55569C00D53D4D;
			remoteInfo = MyIOSApp5;
		};
/* End PBXContainerItemProxy section */

/* Begin PBXFileReference section */
		75DF88FE1F55569C00D53D4D /* MyIOSApp5.app */ = {isa = PBXFileReference; explicitFileType = wrapper.application; includeInIndex = 0; path = MyIOSApp5.app; sourceTree = BUILT_PRODUCTS_DIR; };
		75DF89021F55569C00D53D4D /* main.m */ = {isa = PBXFileReference; lastKnownFileType = sourcecode.c.objc; path = main.m; sourceTree = "<group>"; };
		75DF89041F55569C00D53D4D /* AppDelegate.h */ = {isa = PBXFileReference; lastKnownFileType = sourcecode.c.h; path = AppDelegate.h; sourceTree = "<group>"; };
		75DF89051F55569C00D53D4D /* AppDelegate.m */ = {isa = PBXFileReference; lastKnownFileType = sourcecode.c.objc; path = AppDelegate.m; sourceTree = "<group>"; };
		75DF89071F55569C00D53D4D /* ViewController.h */ = {isa = PBXFileReference; lastKnownFileType = sourcecode.c.h; path = ViewController.h; sourceTree = "<group>"; };
		75DF89081F55569C00D53D4D /* ViewController.m */ = {isa = PBXFileReference; lastKnownFileType = sourcecode.c.objc; path = ViewController.m; sourceTree = "<group>"; };
		75DF890B1F55569C00D53D4D /* Base */ = {isa = PBXFileReference; lastKnownFileType = file.storyboard; name = Base; path = Base.lproj/Main.storyboard; sourceTree = "<group>"; };
		75DF890D1F55569C00D53D4D /* Assets.xcassets */ = {isa = PBXFileReference; lastKnownFileType = folder.assetcatalog; path = Assets.xcassets; sourceTree = "<group>"; };
		75DF89101F55569C00D53D4D /* Base */ = {isa = PBXFileReference; lastKnownFileType = file.storyboard; name = Base; path = Base.lproj/LaunchScreen.storyboard; sourceTree = "<group>"; };
		75DF89121F55569C00D53D4D /* Info.plist */ = {isa = PBXFileReference; lastKnownFileType = text.plist.xml; path = Info.plist; sourceTree = "<group>"; };
		75DF89171F55569C00D53D4D /* MyIOSApp5Tests.xctest */ = {isa = PBXFileReference; explicitFileType = wrapper.cfbundle; includeInIndex = 0; path = MyIOSApp5Tests.xctest; sourceTree = BUILT_PRODUCTS_DIR; };
		75DF891B1F55569C00D53D4D /* MyIOSApp5Tests.m */ = {isa = PBXFileReference; lastKnownFileType = sourcecode.c.objc; path = MyIOSApp5Tests.m; sourceTree = "<group>"; };
		75DF891D1F55569C00D53D4D /* Info.plist */ = {isa = PBXFileReference; lastKnownFileType = text.plist.xml; path = Info.plist; sourceTree = "<group>"; };
		75DF89221F55569C00D53D4D /* MyIOSApp5UITests.xctest */ = {isa = PBXFileReference; explicitFileType = wrapper.cfbundle; includeInIndex = 0; path = MyIOSApp5UITests.xctest; sourceTree = BUILT_PRODUCTS_DIR; };
		75DF89261F55569C00D53D4D /* MyIOSApp5UITests.m */ = {isa = PBXFileReference; lastKnownFileType = sourcecode.c.objc; path = MyIOSApp5UITests.m; sourceTree = "<group>"; };
		75DF89281F55569C00D53D4D /* Info.plist */ = {isa = PBXFileReference; lastKnownFileType = text.plist.xml; path = Info.plist; sourceTree = "<group>"; };
		75DF89341F555A1100D53D4D /* People.h */ = {isa = PBXFileReference; fileEncoding = 4; lastKnownFileType = sourcecode.c.h; path = People.h; sourceTree = "<group>"; };
		75DF89351F555A1100D53D4D /* People.m */ = {isa = PBXFileReference; fileEncoding = 4; lastKnownFileType = sourcecode.c.objc; path = People.m; sourceTree = "<group>"; };
		75DF89371F555A3400D53D4D /* PeopleDB.h */ = {isa = PBXFileReference; fileEncoding = 4; lastKnownFileType = sourcecode.c.h; path = PeopleDB.h; sourceTree = "<group>"; };
		75DF89381F555A3400D53D4D /* PeopleDB.m */ = {isa = PBXFileReference; fileEncoding = 4; lastKnownFileType = sourcecode.c.objc; path = PeopleDB.m; sourceTree = "<group>"; };
/* End PBXFileReference section */

/* Begin PBXFrameworksBuildPhase section */
		75DF88FB1F55569C00D53D4D /* Frameworks */ = {
			isa = PBXFrameworksBuildPhase;
			buildActionMask = 2147483647;
			files = (
			);
			runOnlyForDeploymentPostprocessing = 0;
		};
		75DF89141F55569C00D53D4D /* Frameworks */ = {
			isa = PBXFrameworksBuildPhase;
			buildActionMask = 2147483647;
			files = (
			);
			runOnlyForDeploymentPostprocessing = 0;
		};
		75DF891F1F55569C00D53D4D /* Frameworks */ = {
			isa = PBXFrameworksBuildPhase;
			buildActionMask = 2147483647;
			files = (
			);
			runOnlyForDeploymentPostprocessing = 0;
		};
/* End PBXFrameworksBuildPhase section */

/* Begin PBXGroup section */
		75DF88F51F55569C00D53D4D = {
			isa = PBXGroup;
			children = (
				75DF89001F55569C00D53D4D /* MyIOSApp5 */,
				75DF891A1F55569C00D53D4D /* MyIOSApp5Tests */,
				75DF89251F55569C00D53D4D /* MyIOSApp5UITests */,
				75DF88FF1F55569C00D53D4D /* Products */,
			);
			sourceTree = "<group>";
		};
		75DF88FF1F55569C00D53D4D /* Products */ = {
			isa = PBXGroup;
			children = (
				75DF88FE1F55569C00D53D4D /* MyIOSApp5.app */,
				75DF89171F55569C00D53D4D /* MyIOSApp5Tests.xctest */,
				75DF89221F55569C00D53D4D /* MyIOSApp5UITests.xctest */,
			);
			name = Products;
			sourceTree = "<group>";
		};
		75DF89001F55569C00D53D4D /* MyIOSApp5 */ = {
			isa = PBXGroup;
			children = (
				75DF89041F55569C00D53D4D /* AppDelegate.h */,
				75DF89051F55569C00D53D4D /* AppDelegate.m */,
				75DF89071F55569C00D53D4D /* ViewController.h */,
				75DF89081F55569C00D53D4D /* ViewController.m */,
				75DF89341F555A1100D53D4D /* People.h */,
				75DF89351F555A1100D53D4D /* People.m */,
				75DF89371F555A3400D53D4D /* PeopleDB.h */,
				75DF89381F555A3400D53D4D /* PeopleDB.m */,
				75DF890A1F55569C00D53D4D /* Main.storyboard */,
				75DF890D1F55569C00D53D4D /* Assets.xcassets */,
				75DF890F1F55569C00D53D4D /* LaunchScreen.storyboard */,
				75DF89121F55569C00D53D4D /* Info.plist */,
				75DF89011F55569C00D53D4D /* Supporting Files */,
			);
			path = MyIOSApp5;
			sourceTree = "<group>";
		};
		75DF89011F55569C00D53D4D /* Supporting Files */ = {
			isa = PBXGroup;
			children = (
				75DF89021F55569C00D53D4D /* main.m */,
			);
			name = "Supporting Files";
			sourceTree = "<group>";
		};
		75DF891A1F55569C00D53D4D /* MyIOSApp5Tests */ = {
			isa = PBXGroup;
			children = (
				75DF891B1F55569C00D53D4D /* MyIOSApp5Tests.m */,
				75DF891D1F55569C00D53D4D /* Info.plist */,
			);
			path = MyIOSApp5Tests;
			sourceTree = "<group>";
		};
		75DF89251F55569C00D53D4D /* MyIOSApp5UITests */ = {
			isa = PBXGroup;
			children = (
				75DF89261F55569C00D53D4D /* MyIOSApp5UITests.m */,
				75DF89281F55569C00D53D4D /* Info.plist */,
			);
			path = MyIOSApp5UITests;
			sourceTree = "<group>";
		};
/* End PBXGroup section */

/* Begin PBXNativeTarget section */
		75DF88FD1F55569C00D53D4D /* MyIOSApp5 */ = {
			isa = PBXNativeTarget;
			buildConfigurationList = 75DF892B1F55569C00D53D4D /* Build configuration list for PBXNativeTarget "MyIOSApp5" */;
			buildPhases = (
				75DF88FA1F55569C00D53D4D /* Sources */,
				75DF88FB1F55569C00D53D4D /* Frameworks */,
				75DF88FC1F55569C00D53D4D /* Resources */,
			);
			buildRules = (
			);
			dependencies = (
			);
			name = MyIOSApp5;
			productName = MyIOSApp5;
			productReference = 75DF88FE1F55569C00D53D4D /* MyIOSApp5.app */;
			productType = "com.apple.product-type.application";
		};
		75DF89161F55569C00D53D4D /* MyIOSApp5Tests */ = {
			isa = PBXNativeTarget;
			buildConfigurationList = 75DF892E1F55569C00D53D4D /* Build configuration list for PBXNativeTarget "MyIOSApp5Tests" */;
			buildPhases = (
				75DF89131F55569C00D53D4D /* Sources */,
				75DF89141F55569C00D53D4D /* Frameworks */,
				75DF89151F55569C00D53D4D /* Resources */,
			);
			buildRules = (
			);
			dependencies = (
				75DF89191F55569C00D53D4D /* PBXTargetDependency */,
			);
			name = MyIOSApp5Tests;
			productName = MyIOSApp5Tests;
			productReference = 75DF89171F55569C00D53D4D /* MyIOSApp5Tests.xctest */;
			productType = "com.apple.product-type.bundle.unit-test";
		};
		75DF89211F55569C00D53D4D /* MyIOSApp5UITests */ = {
			isa = PBXNativeTarget;
			buildConfigurationList = 75DF89311F55569C00D53D4D /* Build configuration list for PBXNativeTarget "MyIOSApp5UITests" */;
			buildPhases = (
				75DF891E1F55569C00D53D4D /* Sources */,
				75DF891F1F55569C00D53D4D /* Frameworks */,
				75DF89201F55569C00D53D4D /* Resources */,
			);
			buildRules = (
			);
			dependencies = (
				75DF89241F55569C00D53D4D /* PBXTargetDependency */,
			);
			name = MyIOSApp5UITests;
			productName = MyIOSApp5UITests;
			productReference = 75DF89221F55569C00D53D4D /* MyIOSApp5UITests.xctest */;
			productType = "com.apple.product-type.bundle.ui-testing";
		};
/* End PBXNativeTarget section */

/* Begin PBXProject section */
		75DF88F61F55569C00D53D4D /* Project object */ = {
			isa = PBXProject;
			attributes = {
				LastUpgradeCheck = 0730;
				ORGANIZATIONNAME = lingdian;
				TargetAttributes = {
					75DF88FD1F55569C00D53D4D = {
						CreatedOnToolsVersion = 7.3.1;
					};
					75DF89161F55569C00D53D4D = {
						CreatedOnToolsVersion = 7.3.1;
						TestTargetID = 75DF88FD1F55569C00D53D4D;
					};
					75DF89211F55569C00D53D4D = {
						CreatedOnToolsVersion = 7.3.1;
						TestTargetID = 75DF88FD1F55569C00D53D4D;
					};
				};
			};
			buildConfigurationList = 75DF88F91F55569C00D53D4D /* Build configuration list for PBXProject "MyIOSApp5" */;
			compatibilityVersion = "Xcode 3.2";
			developmentRegion = English;
			hasScannedForEncodings = 0;
			knownRegions = (
				en,
				Base,
			);
			mainGroup = 75DF88F51F55569C00D53D4D;
			productRefGroup = 75DF88FF1F55569C00D53D4D /* Products */;
			projectDirPath = "";
			projectRoot = "";
			targets = (
				75DF88FD1F55569C00D53D4D /* MyIOSApp5 */,
				75DF89161F55569C00D53D4D /* MyIOSApp5Tests */,
				75DF89211F55569C00D53D4D /* MyIOSApp5UITests */,
			);
		};
/* End PBXProject section */

/* Begin PBXResourcesBuildPhase section */
		75DF88FC1F55569C00D53D4D /* Resources */ = {
			isa = PBXResourcesBuildPhase;
			buildActionMask = 2147483647;
			files = (
				75DF89111F55569C00D53D4D /* LaunchScreen.storyboard in Resources */,
				75DF890E1F55569C00D53D4D /* Assets.xcassets in Resources */,
				75DF890C1F55569C00D53D4D /* Main.storyboard in Resources */,
			);
			runOnlyForDeploymentPostprocessing = 0;
		};
		75DF89151F55569C00D53D4D /* Resources */ = {
			isa = PBXResourcesBuildPhase;
			buildActionMask = 2147483647;
			files = (
			);
			runOnlyForDeploymentPostprocessing = 0;
		};
		75DF89201F55569C00D53D4D /* Resources */ = {
			isa = PBXResourcesBuildPhase;
			buildActionMask = 2147483647;
			files = (
			);
			runOnlyForDeploymentPostprocessing = 0;
		};
/* End PBXResourcesBuildPhase section */

/* Begin PBXSourcesBuildPhase section */
		75DF88FA1F55569C00D53D4D /* Sources */ = {
			isa = PBXSourcesBuildPhase;
			buildActionMask = 2147483647;
			files = (
				75DF89361F555A1100D53D4D /* People.m in Sources */,
				75DF89091F55569C00D53D4D /* ViewController.m in Sources */,
				75DF89061F55569C00D53D4D /* AppDelegate.m in Sources */,
				75DF89391F555A3400D53D4D /* PeopleDB.m in Sources */,
				75DF89031F55569C00D53D4D /* main.m in Sources */,
			);
			runOnlyForDeploymentPostprocessing = 0;
		};
		75DF89131F55569C00D53D4D /* Sources */ = {
			isa = PBXSourcesBuildPhase;
			buildActionMask = 2147483647;
			files = (
				75DF891C1F55569C00D53D4D /* MyIOSApp5Tests.m in Sources */,
			);
			runOnlyForDeploymentPostprocessing = 0;
		};
		75DF891E1F55569C00D53D4D /* Sources */ = {
			isa = PBXSourcesBuildPhase;
			buildActionMask = 2147483647;
			files = (
				75DF89271F55569C00D53D4D /* MyIOSApp5UITests.m in Sources */,
			);
			runOnlyForDeploymentPostprocessing = 0;
		};
/* End PBXSourcesBuildPhase section */

/* Begin PBXTargetDependency section */
		75DF89191F55569C00D53D4D /* PBXTargetDependency */ = {
			isa = PBXTargetDependency;
			target = 75DF88FD1F55569C00D53D4D /* MyIOSApp5 */;
			targetProxy = 75DF89181F55569C00D53D4D /* PBXContainerItemProxy */;
		};
		75DF89241F55569C00D53D4D /* PBXTargetDependency */ = {
			isa = PBXTargetDependency;
			target = 75DF88FD1F55569C00D53D4D /* MyIOSApp5 */;
			targetProxy = 75DF89231F55569C00D53D4D /* PBXContainerItemProxy */;
		};
/* End PBXTargetDependency section */

/* Begin PBXVariantGroup section */
		75DF890A1F55569C00D53D4D /* Main.storyboard */ = {
			isa = PBXVariantGroup;
			children = (
				75DF890B1F55569C00D53D4D /* Base */,
			);
			name = Main.storyboard;
			sourceTree = "<group>";
		};
		75DF890F1F55569C00D53D4D /* LaunchScreen.storyboard */ = {
			isa = PBXVariantGroup;
			children = (
				75DF89101F55569C00D53D4D /* Base */,
			);
			name = LaunchScreen.storyboard;
			sourceTree = "<group>";
		};
/* End PBXVariantGroup section */

/* Begin XCBuildConfiguration section */
		75DF89291F55569C00D53D4D /* Debug */ = {
			isa = XCBuildConfiguration;
			buildSettings = {
				ALWAYS_SEARCH_USER_PATHS = NO;
				CLANG_ANALYZER_NONNULL = YES;
				CLANG_CXX_LANGUAGE_STANDARD = "gnu++0x";
				CLANG_CXX_LIBRARY = "libc++";
				CLANG_ENABLE_MODULES = YES;
				CLANG_ENABLE_OBJC_ARC = YES;
				CLANG_WARN_BOOL_CONVERSION = YES;
				CLANG_WARN_CONSTANT_CONVERSION = YES;
				CLANG_WARN_DIRECT_OBJC_ISA_USAGE = YES_ERROR;
				CLANG_WARN_EMPTY_BODY = YES;
				CLANG_WARN_ENUM_CONVERSION = YES;
				CLANG_WARN_INT_CONVERSION = YES;
				CLANG_WARN_OBJC_ROOT_CLASS = YES_ERROR;
				CLANG_WARN_UNREACHABLE_CODE = YES;
				CLANG_WARN__DUPLICATE_METHOD_MATCH = YES;
				"CODE_SIGN_IDENTITY[sdk=iphoneos*]" = "iPhone Developer";
				COPY_PHASE_STRIP = NO;
				DEBUG_INFORMATION_FORMAT = dwarf;
				ENABLE_STRICT_OBJC_MSGSEND = YES;
				ENABLE_TESTABILITY = YES;
				GCC_C_LANGUAGE_STANDARD = gnu99;
				GCC_DYNAMIC_NO_PIC = NO;
				GCC_NO_COMMON_BLOCKS = YES;
				GCC_OPTIMIZATION_LEVEL = 0;
				GCC_PREPROCESSOR_DEFINITIONS = (
					"DEBUG=1",
					"$(inherited)",
				);
				GCC_WARN_64_TO_32_BIT_CONVERSION = YES;
				GCC_WARN_ABOUT_RETURN_TYPE = YES_ERROR;
				GCC_WARN_UNDECLARED_SELECTOR = YES;
				GCC_WARN_UNINITIALIZED_AUTOS = YES_AGGRESSIVE;
				GCC_WARN_UNUSED_FUNCTION = YES;
				GCC_WARN_UNUSED_VARIABLE = YES;
				IPHONEOS_DEPLOYMENT_TARGET = 9.3;
				MTL_ENABLE_DEBUG_INFO = YES;
				ONLY_ACTIVE_ARCH = YES;
				SDKROOT = iphoneos;
				TARGETED_DEVICE_FAMILY = "1,2";
			};
			name = Debug;
		};
		75DF892A1F55569C00D53D4D /* Release */ = {
			isa = XCBuildConfiguration;
			buildSettings = {
				ALWAYS_SEARCH_USER_PATHS = NO;
				CLANG_ANALYZER_NONNULL = YES;
				CLANG_CXX_LANGUAGE_STANDARD = "gnu++0x";
				CLANG_CXX_LIBRARY = "libc++";
				CLANG_ENABLE_MODULES = YES;
				CLANG_ENABLE_OBJC_ARC = YES;
				CLANG_WARN_BOOL_CONVERSION = YES;
				CLANG_WARN_CONSTANT_CONVERSION = YES;
				CLANG_WARN_DIRECT_OBJC_ISA_USAGE = YES_ERROR;
				CLANG_WARN_EMPTY_BODY = YES;
				CLANG_WARN_ENUM_CONVERSION = YES;
				CLANG_WARN_INT_CONVERSION = YES;
				CLANG_WARN_OBJC_ROOT_CLASS = YES_ERROR;
				CLANG_WARN_UNREACHABLE_CODE = YES;
				CLANG_WARN__DUPLICATE_METHOD_MATCH = YES;
				"CODE_SIGN_IDENTITY[sdk=iphoneos*]" = "iPhone Developer";
				COPY_PHASE_STRIP = NO;
				DEBUG_INFORMATION_FORMAT = "dwarf-with-dsym";
				ENABLE_NS_ASSERTIONS = NO;
				ENABLE_STRICT_OBJC_MSGSEND = YES;
				GCC_C_LANGUAGE_STANDARD = gnu99;
				GCC_NO_COMMON_BLOCKS = YES;
				GCC_WARN_64_TO_32_BIT_CONVERSION = YES;
				GCC_WARN_ABOUT_RETURN_TYPE = YES_ERROR;
				GCC_WARN_UNDECLARED_SELECTOR = YES;
				GCC_WARN_UNINITIALIZED_AUTOS = YES_AGGRESSIVE;
				GCC_WARN_UNUSED_FUNCTION = YES;
				GCC_WARN_UNUSED_VARIABLE = YES;
				IPHONEOS_DEPLOYMENT_TARGET = 9.3;
				MTL_ENABLE_DEBUG_INFO = NO;
				SDKROOT = iphoneos;
				TARGETED_DEVICE_FAMILY = "1,2";
				VALIDATE_PRODUCT = YES;
			};
			name = Release;
		};
		75DF892C1F55569C00D53D4D /* Debug */ = {
			isa = XCBuildConfiguration;
			buildSettings = {
				ASSETCATALOG_COMPILER_APPICON_NAME = AppIcon;
				INFOPLIST_FILE = MyIOSApp5/Info.plist;
				LD_RUNPATH_SEARCH_PATHS = "$(inherited) @executable_path/Frameworks";
				PRODUCT_BUNDLE_IDENTIFIER = lingdian.MyIOSApp5;
				PRODUCT_NAME = "$(TARGET_NAME)";
			};
			name = Debug;
		};
		75DF892D1F55569C00D53D4D /* Release */ = {
			isa = XCBuildConfiguration;
			buildSettings = {
				ASSETCATALOG_COMPILER_APPICON_NAME = AppIcon;
				INFOPLIST_FILE = MyIOSApp5/Info.plist;
				LD_RUNPATH_SEARCH_PATHS = "$(inherited) @executable_path/Frameworks";
				PRODUCT_BUNDLE_IDENTIFIER = lingdian.MyIOSApp5;
				PRODUCT_NAME = "$(TARGET_NAME)";
			};
			name = Release;
		};
		75DF892F1F55569C00D53D4D /* Debug */ = {
			isa = XCBuildConfiguration;
			buildSettings = {
				BUNDLE_LOADER = "$(TEST_HOST)";
				INFOPLIST_FILE = MyIOSApp5Tests/Info.plist;
				LD_RUNPATH_SEARCH_PATHS = "$(inherited) @executable_path/Frameworks @loader_path/Frameworks";
				PRODUCT_BUNDLE_IDENTIFIER = lingdian.MyIOSApp5Tests;
				PRODUCT_NAME = "$(TARGET_NAME)";
				TEST_HOST = "$(BUILT_PRODUCTS_DIR)/MyIOSApp5.app/MyIOSApp5";
			};
			name = Debug;
		};
		75DF89301F55569C00D53D4D /* Release */ = {
			isa = XCBuildConfiguration;
			buildSettings = {
				BUNDLE_LOADER = "$(TEST_HOST)";
				INFOPLIST_FILE = MyIOSApp5Tests/Info.plist;
				LD_RUNPATH_SEARCH_PATHS = "$(inherited) @executable_path/Frameworks @loader_path/Frameworks";
				PRODUCT_BUNDLE_IDENTIFIER = lingdian.MyIOSApp5Tests;
				PRODUCT_NAME = "$(TARGET_NAME)";
				TEST_HOST = "$(BUILT_PRODUCTS_DIR)/MyIOSApp5.app/MyIOSApp5";
			};
			name = Release;
		};
		75DF89321F55569C00D53D4D /* Debug */ = {
			isa = XCBuildConfiguration;
			buildSettings = {
				INFOPLIST_FILE = MyIOSApp5UITests/Info.plist;
				LD_RUNPATH_SEARCH_PATHS = "$(inherited) @executable_path/Frameworks @loader_path/Frameworks";
				PRODUCT_BUNDLE_IDENTIFIER = lingdian.MyIOSApp5UITests;
				PRODUCT_NAME = "$(TARGET_NAME)";
				TEST_TARGET_NAME = MyIOSApp5;
			};
			name = Debug;
		};
		75DF89331F55569C00D53D4D /* Release */ = {
			isa = XCBuildConfiguration;
			buildSettings = {
				INFOPLIST_FILE = MyIOSApp5UITests/Info.plist;
				LD_RUNPATH_SEARCH_PATHS = "$(inherited) @executable_path/Frameworks @loader_path/Frameworks";
				PRODUCT_BUNDLE_IDENTIFIER = lingdian.MyIOSApp5UITests;
				PRODUCT_NAME = "$(TARGET_NAME)";
				TEST_TARGET_NAME = MyIOSApp5;
			};
			name = Release;
		};
/* End XCBuildConfiguration section */

/* Begin XCConfigurationList section */
		75DF88F91F55569C00D53D4D /* Build configuration list for PBXProject "MyIOSApp5" */ = {
			isa = XCConfigurationList;
			buildConfigurations = (
				75DF89291F55569C00D53D4D /* Debug */,
				75DF892A1F55569C00D53D4D /* Release */,
			);
			defaultConfigurationIsVisible = 0;
			defaultConfigurationName = Release;
		};
		75DF892B1F55569C00D53D4D /* Build configuration list for PBXNativeTarget "MyIOSApp5" */ = {
			isa = XCConfigurationList;
			buildConfigurations = (
				75DF892C1F55569C00D53D4D /* Debug */,
				75DF892D1F55569C00D53D4D /* Release */,
			);
			defaultConfigurationIsVisible = 0;
		};
		75DF892E1F55569C00D53D4D /* Build configuration list for PBXNativeTarget "MyIOSApp5Tests" */ = {
			isa = XCConfigurationList;
			buildConfigurations = (
				75DF892F1F55569C00D53D4D /* Debug */,
				75DF89301F55569C00D53D4D /* Release */,
			);
			defaultConfigurationIsVisible = 0;
		};
		75DF89311F55569C00D53D4D /* Build configuration list for PBXNativeTarget "MyIOSApp5UITests" */ = {
			isa = XCConfigurationList;
			buildConfigurations = (
				75DF89321F55569C00D53D4D /* Debug */,
				75DF89331F55569C00D53D4D /* Release */,
			);
			defaultConfigurationIsVisible = 0;
		};
/* End XCConfigurationList section */
	};
	rootObject = 75DF88F61F55569C00D53D4D /* Project object */;
}
